
Microsoft Visual Studio Solution File, Format Version 12.00
# Visual Studio Version 17
VisualStudioVersion = 17.6.33801.468
MinimumVisualStudioVersion = 10.0.40219.1
Project("{FAE04EC0-301F-11D3-BF4B-00C04F79EFBC}") = "UsuariosApi", "UsuariosApi.csproj", "{C9A888D2-54BF-4D02-B630-2B6055F8D87E}"
EndProject
Global
	GlobalSection(SolutionConfigurationPlatforms) = preSolution
		Debug|Any CPU = Debug|Any CPU
		Release|Any CPU = Release|Any CPU
	EndGlobalSection
	GlobalSection(ProjectConfigurationPlatforms) = postSolution
		{C9A888D2-54BF-4D02-B630-2B6055F8D87E}.Debug|Any CPU.ActiveCfg = Debug|Any CPU
		{C9A888D2-54BF-4D02-B630-2B6055F8D87E}.Debug|Any CPU.Build.0 = Debug|Any CPU
		{C9A888D2-54BF-4D02-B630-2B6055F8D87E}.Release|Any CPU.ActiveCfg = Release|Any CPU
		{C9A888D2-54BF-4D02-B630-2B6055F8D87E}.Release|Any CPU.Build.0 = Release|Any CPU
	EndGlobalSection
	GlobalSection(SolutionProperties) = preSolution
		HideSolutionNode = FALSE
	EndGlobalSection
	GlobalSection(ExtensibilityGlobals) = postSolution
		SolutionGuid = {881883E0-CF33-40BD-8998-C4730D5C4A4B}
	EndGlobalSection
EndGlobal
